
Microsoft Visual Studio Solution File, Format Version 12.00
# Visual Studio Version 17
VisualStudioVersion = 17.6.33829.357
MinimumVisualStudioVersion = 10.0.40219.1
Project("{FAE04EC0-301F-11D3-BF4B-00C04F79EFBC}") = "SalesWebMvc", "SalesWebMvc\SalesWebMvc.csproj", "{FD30D79D-2E3F-4716-90DF-B1A93CF284B7}"
EndProject
Global
	GlobalSection(SolutionConfigurationPlatforms) = preSolution
		Debug|Any CPU = Debug|Any CPU
		Release|Any CPU = Release|Any CPU
	EndGlobalSection
	GlobalSection(ProjectConfigurationPlatforms) = postSolution
		{FD30D79D-2E3F-4716-90DF-B1A93CF284B7}.Debug|Any CPU.ActiveCfg = Debug|Any CPU
		{FD30D79D-2E3F-4716-90DF-B1A93CF284B7}.Debug|Any CPU.Build.0 = Debug|Any CPU
		{FD30D79D-2E3F-4716-90DF-B1A93CF284B7}.Release|Any CPU.ActiveCfg = Release|Any CPU
		{FD30D79D-2E3F-4716-90DF-B1A93CF284B7}.Release|Any CPU.Build.0 = Release|Any CPU
	EndGlobalSection
	GlobalSection(SolutionProperties) = preSolution
		HideSolutionNode = FALSE
	EndGlobalSection
	GlobalSection(ExtensibilityGlobals) = postSolution
		SolutionGuid = {166BAA3E-CA94-4D29-8569-33650C1EB65B}
	EndGlobalSection
EndGlobal
